
Microsoft Visual Studio Solution File, Format Version 12.00
# Visual Studio Version 17
VisualStudioVersion = 17.0.31903.59
MinimumVisualStudioVersion = 10.0.40219.1
Project("{FAE04EC0-301F-11D3-BF4B-00C04F79EFBC}") = "WalletApp.Application", "WalletApp.Application\WalletApp.Application.csproj", "{AA164E18-DA51-4485-9E82-73262D63D382}"
EndProject
Project("{FAE04EC0-301F-11D3-BF4B-00C04F79EFBC}") = "WalletApp.Domain", "WalletApp.Domain\WalletApp.Domain.csproj", "{706747CE-EC1E-4226-9793-D1BCBAEDC0D4}"
EndProject
Project("{FAE04EC0-301F-11D3-BF4B-00C04F79EFBC}") = "WalletApp.Infrastructure", "WalletApp.Infrastructure\WalletApp.Infrastructure.csproj", "{209B05DC-6A27-49B7-8B92-2F56E105E61E}"
EndProject
Project("{FAE04EC0-301F-11D3-BF4B-00C04F79EFBC}") = "WalletApp.WebApi", "WalletApp.WebApi\WalletApp.WebApi.csproj", "{0B3B205F-7369-4F56-A65F-DEB667FD2A5C}"
EndProject
Global
	GlobalSection(SolutionConfigurationPlatforms) = preSolution
		Debug|Any CPU = Debug|Any CPU
		Release|Any CPU = Release|Any CPU
	EndGlobalSection
	GlobalSection(SolutionProperties) = preSolution
		HideSolutionNode = FALSE
	EndGlobalSection
	GlobalSection(ProjectConfigurationPlatforms) = postSolution
		{AA164E18-DA51-4485-9E82-73262D63D382}.Debug|Any CPU.ActiveCfg = Debug|Any CPU
		{AA164E18-DA51-4485-9E82-73262D63D382}.Debug|Any CPU.Build.0 = Debug|Any CPU
		{AA164E18-DA51-4485-9E82-73262D63D382}.Release|Any CPU.ActiveCfg = Release|Any CPU
		{AA164E18-DA51-4485-9E82-73262D63D382}.Release|Any CPU.Build.0 = Release|Any CPU
		{706747CE-EC1E-4226-9793-D1BCBAEDC0D4}.Debug|Any CPU.ActiveCfg = Debug|Any CPU
		{706747CE-EC1E-4226-9793-D1BCBAEDC0D4}.Debug|Any CPU.Build.0 = Debug|Any CPU
		{706747CE-EC1E-4226-9793-D1BCBAEDC0D4}.Release|Any CPU.ActiveCfg = Release|Any CPU
		{706747CE-EC1E-4226-9793-D1BCBAEDC0D4}.Release|Any CPU.Build.0 = Release|Any CPU
		{209B05DC-6A27-49B7-8B92-2F56E105E61E}.Debug|Any CPU.ActiveCfg = Debug|Any CPU
		{209B05DC-6A27-49B7-8B92-2F56E105E61E}.Debug|Any CPU.Build.0 = Debug|Any CPU
		{209B05DC-6A27-49B7-8B92-2F56E105E61E}.Release|Any CPU.ActiveCfg = Release|Any CPU
		{209B05DC-6A27-49B7-8B92-2F56E105E61E}.Release|Any CPU.Build.0 = Release|Any CPU
		{0B3B205F-7369-4F56-A65F-DEB667FD2A5C}.Debug|Any CPU.ActiveCfg = Debug|Any CPU
		{0B3B205F-7369-4F56-A65F-DEB667FD2A5C}.Debug|Any CPU.Build.0 = Debug|Any CPU
		{0B3B205F-7369-4F56-A65F-DEB667FD2A5C}.Release|Any CPU.ActiveCfg = Release|Any CPU
		{0B3B205F-7369-4F56-A65F-DEB667FD2A5C}.Release|Any CPU.Build.0 = Release|Any CPU
	EndGlobalSection
EndGlobal
